github.com/cpuguy83/go-md2man/v2 v2.0.6/go.mod h1:oOW0eioCTA6cOiMLiUPZOpcVxMig6NIQQ7OS05n1F4g=
github.com/davecgh/go-spew v1.1.0/go.mod h1:J7Y8YcW2NihsgmVo/mv3lAwl/skON4iLHjSsI+c5H38=
github.com/getlantern/context v0.0.0-20190109183933-c447772a6520 h1:NRUJuo3v3WGC/g5YiyF790gut6oQr5f3FBI88Wv0dx4=
github.com/getlantern/context v0.0.0-20190109183933-c447772a6520/go.mod h1:L+mq6/vvYHKjCX2oez0CgEAJmbq1fbb/oNJIWQkBybY=
github.com/getlantern/errors v0.0.0-20190325191628-abdb3e3e36f7 h1:6uJ+sZ/e03gkbqZ0kUG6mfKoqDb4XMAzMIwlajq19So=
github.com/getlantern/errors v0.0.0-20190325191628-abdb3e3e36f7/go.mod h1:l+xpFBrCtDLpK9qNjxs+cHU6+BAdlBaxHqikB6Lku3A=
github.com/getlantern/golog v0.0.0-20190830074920-4ef2e798c2d7 h1:guBYzEaLz0Vfc/jv0czrr2z7qyzTOGC9hiQ0VC+hKjk=
github.com/getlantern/golog v0.0.0-20190830074920-4ef2e798c2d7/go.mod h1:zx/1xUUeYPy3Pcmet8OSXLbF47l+3y6hIPpyLWoR9oc=
github.com/getlantern/hex v0.0.0-20190417191902-c6586a6fe0b7 h1:micT5vkcr9tOVk1FiH8SWKID8ultN44Z+yzd2y/Vyb0=
github.com/getlantern/hex v0.0.0-20190417191902-c6586a6fe0b7/go.mod h1:dD3CgOrwlzca8ed61CsZouQS5h5jIzkK9ZWrTcf0s+o=
github.com/getlantern/hidden v0.0.0-20190325191715-f02dbb02be55 h1:XYzSdCbkzOC0FDNrgJqGRo8PCMFOBFL9py72DRs7bmc=
github.com/getlantern/hidden v0.0.0-20190325191715-f02dbb02be55/go.mod h1:6mmzY2kW1TOOrVy+r41Za2MxXM+hhqTtY3oBKd2AgFA=
github.com/getlantern/ops v0.0.0-20190325191751-d70cb0d6f85f h1:wrYrQttPS8FHIRSlsrcuKazukx/xqO/PpLZzZXsF+EA=
github.com/getlantern/ops v0.0.0-20190325191751-d70cb0d6f85f/go.mod h1:D5ao98qkA6pxftxoqzibIBBrLSUli+kYnJqrgBf9cIA=
github.com/getlantern/systray v1.2.2 h1:dCEHtfmvkJG7HZ8lS/sLklTH4RKUcIsKrAD9sThoEBE=
github.com/getlantern/systray v1.2.2/go.mod h1:pXFOI1wwqwYXEhLPm9ZGjS2u/vVELeIgNMY5HvhHhcE=
github.com/go-stack/stack v1.8.0 h1:5SgMzNM5HxrEjV0ww2lTmX6E2Izsfxas4+YHWRs3Lsk=
github.com/go-stack/stack v1.8.0/go.mod h1:v0f6uXyyMGvRgIKkXu+yp6POWl0qKG85gN/melR3HDY=
github.com/google/gofountain v0.0.0-20160820054803-4928733085e9 h1:Ngb7dbv9x/c5wWGpGxicH4iN8g90++AcRjwjHSllofA=
github.com/google/gofountain v0.0.0-20160820054803-4928733085e9/go.mod h1:5K3gm9YuA6H5iBSG5JugS+7xTT0fK+E5zf8On8bgz1w=
github.com/inconshreveable/mousetrap v1.1.0 h1:wN+x4NVGpMsO7ErUn/mUI3vEoE6Jt13X2s0bqwp9tc8=
github.com/inconshreveable/mousetrap v1.1.0/go.mod h1:vpF70FUmC8bwa3OWnCshd2FqLfsEA9PFc4w1p2J65bw=
github.com/jchv/go-webview2 v0.0.0-20260205173254-56598839c808 h1:ftnsTqIUH57XQEF+PnXX9++nlHCzdkuB5zbWyMMruZo=
github.com/jchv/go-webview2 v0.0.0-20260205173254-56598839c808/go.mod h1:rWifBlzkgrvd7zUqlfq91sWt3473OikgnglnIILx/Jo=
github.com/jchv/go-winloader v0.0.0-20250406163304-c1995be93bd1 h1:njuLRcjAuMKr7kI3D85AXWkw6/+v9PwtV6M6o11sWHQ=
github.com/jchv/go-winloader v0.0.0-20250406163304-c1995be93bd1/go.mod h1:alcuEEnZsY1WQsagKhZDsoPCRoOijYqhZvPwLG0kzVs=
github.com/lxn/walk v0.0.0-20210112085537-c389da54e794/go.mod h1:E23UucZGqpuUANJooIbHWCufXvOcT6E7Stq81gU+CSQ=
github.com/lxn/win v0.0.0-20210218163916-a377121e959e/go.mod h1:KxxjdtRkfNoYDCUP5ryK7XJJNTnpC8atvtmTheChOtk=
github.com/makiuchi-d/gozxing v0.1.1 h1:xxqijhoedi+/lZlhINteGbywIrewVdVv2wl9r5O9S1I=
github.com/makiuchi-d/gozxing v0.1.1/go.mod h1:eRIHbOjX7QWxLIDJoQuMLhuXg9LAuw6znsUtRkNw9DU=
github.com/oxtoacart/bpool v0.0.0-20190530202638-03653db5a59c h1:rp5dCmg/yLR3mgFuSOe4oEnDDmGLROTvMragMUXpTQw=
github.com/oxtoacart/bpool v0.0.0-20190530202638-03653db5a59c/go.mod h1:X07ZCGwUbLaax7L0S3Tw4hpejzu63ZrrQiUe6W0hcy0=
github.com/pmezard/go-difflib v1.0.0/go.mod h1:iKH77koFhYxTK1pcRnkKkqfTogsbg7gZNVY4sRDYZ/4=
github.com/russross/blackfriday/v2 v2.1.0/go.mod h1:+Rmxgy9KzJVeS9/2gXHxylqXiyQDYRxCVz55jmeOWTM=
github.com/skip2/go-qrcode v0.0.0-20200617195104-da1b6568686e h1:MRM5ITcdelLK2j1vwZ3Je0FKVCfqOLp5zO6trqMLYs0=
github.com/skip2/go-qrcode v0.0.0-20200617195104-da1b6568686e/go.mod h1:XV66xRDqSt+GTGFMVlhk3ULuV0y9ZmzeVGR4mloJI3M=
github.com/skratchdot/open-golang v0.0.0-20200116055534-eef842397966/go.mod h1:sUM3LWHvSMaG192sy56D9F7CNvL7jUJVXoqM1QKLnog=
github.com/spf13/cobra v1.10.2 h1:DMTTonx5m65Ic0GOoRY2c16WCbHxOOw6xxezuLaBpcU=
github.com/spf13/cobra v1.10.2/go.mod h1:7C1pvHqHw5A4vrJfjNwvOdzYu0Gml16OCs2GRiTUUS4=
github.com/spf13/pflag v1.0.9 h1:9exaQaMOCwffKiiiYk6/BndUBv+iRViNW+4lEMi0PvY=
github.com/spf13/pflag v1.0.9/go.mod h1:McXfInJRrz4CZXVZOBLb0bTZqETkiAhM9Iw0y3An2Bg=
github.com/stretchr/objx v0.1.0/go.mod h1:HFkY916IF+rwdDfMAkV7OtwuqBVzrE8GR6GFx+wExME=
github.com/stretchr/testify v1.3.0/go.mod h1:M5WIy9Dh21IEIfnGCwXGc5bZfKNJtfHm1UVUgZn+9EI=
go.yaml.in/yaml/v3 v3.0.4/go.mod h1:DhzuOOF2ATzADvBadXxruRBLzYTpT36CKvDb3+aBEFg=
golang.org/x/sys v0.0.0-20200810151505-1b9f1253b3ed/go.mod h1:h1NjWce9XRLGQEsW7wpKNCjG9DtNlClVuFLEZdDNbEs=
golang.org/x/sys v0.0.0-20201018230417-eeed37f84f13/go.mod h1:h1NjWce9XRLGQEsW7wpKNCjG9DtNlClVuFLEZdDNbEs=
golang.org/x/sys v0.0.0-20210218145245-beda7e5e158e h1:f5mksnk+hgXHnImpZoWj64ja99j9zV7YUgrVG95uFE4=
golang.org/x/sys v0.0.0-20210218145245-beda7e5e158e/go.mod h1:h1NjWce9XRLGQEsW7wpKNCjG9DtNlClVuFLEZdDNbEs=
golang.org/x/sys v0.1.0 h1:kunALQeHf1/185U1i0GOB/fy1IPRDDpuoOOqRReG57U=
golang.org/x/sys v0.1.0/go.mod h1:oPkhp1MJrh7nUepCBck5+mAzfO9JrbApNNgaTdGDITg=
golang.org/x/text v0.3.7 h1:olpwvP2KacW1ZWvsR7uQhoyTYvKAupfQrRGBFM352Gk=
golang.org/x/text v0.3.7/go.mod h1:u+2+/6zg+i71rQMx5EYifcz6MCKuco9NR6JIITiCfzQ=
golang.org/x/xerrors v0.0.0-20200804184101-5ec99f83aff1 h1:go1bK/D/BFZV2I8cIQd1NKEZ+0owSTG1fDTci4IqFcE=
golang.org/x/xerrors v0.0.0-20200804184101-5ec99f83aff1/go.mod h1:I/5z698sn9Ka8TeJc9MKroUUfqBBauWjQqLJ2OPfmY0=
gopkg.in/Knetic/govaluate.v3 v3.0.0/go.mod h1:csKLBORsPbafmSCGTEh3U7Ozmsuq8ZSIlKk1bcqph0E=
gopkg.in/check.v1 v0.0.0-20161208181325-20d25e280405/go.mod h1:Co6ibVJAznAaIkqp8huTwlJQCZ016jof/cbN4VW5Yz0=
